// !$*UTF8*$!
{
	archiveVersion = 1;
	classes = {
	};
	objectVersion = 46;
	objects = {

/* Begin PBXBuildFile section */
		632E52481992BACE00686E28 /* Foundation.framework in Frameworks */ = {isa = PBXBuildFile; fileRef = 632E52471992BACE00686E28 /* Foundation.framework */; };
		632E524A1992BACE00686E28 /* CoreGraphics.framework in Frameworks */ = {isa = PBXBuildFile; fileRef = 632E52491992BACE00686E28 /* CoreGraphics.framework */; };
		632E524C1992BACE00686E28 /* UIKit.framework in Frameworks */ = {isa = PBXBuildFile; fileRef = 632E524B1992BACE00686E28 /* UIKit.framework */; };
		632E52521992BACF00686E28 /* InfoPlist.strings in Resources */ = {isa = PBXBuildFile; fileRef = 632E52501992BACF00686E28 /* InfoPlist.strings */; };
		632E52541992BACF00686E28 /* main.m in Sources */ = {isa = PBXBuildFile; fileRef = 632E52531992BACF00686E28 /* main.m */; };
		632E52581992BACF00686E28 /* TMDAppDelegate.m in Sources */ = {isa = PBXBuildFile; fileRef = 632E52571992BACF00686E28 /* TMDAppDelegate.m */; };
		632E525B1992BACF00686E28 /* Main.storyboard in Resources */ = {isa = PBXBuildFile; fileRef = 632E52591992BACF00686E28 /* Main.storyboard */; };
		632E525E1992BACF00686E28 /* TMDMasterViewController.m in Sources */ = {isa = PBXBuildFile; fileRef = 632E525D1992BACF00686E28 /* TMDMasterViewController.m */; };
		632E52611992BACF00686E28 /* TMDDetailViewController.m in Sources */ = {isa = PBXBuildFile; fileRef = 632E52601992BACF00686E28 /* TMDDetailViewController.m */; };
		632E52631992BACF00686E28 /* Images.xcassets in Resources */ = {isa = PBXBuildFile; fileRef = 632E52621992BACF00686E28 /* Images.xcassets */; };
		632E526A1992BACF00686E28 /* XCTest.framework in Frameworks */ = {isa = PBXBuildFile; fileRef = 632E52691992BACF00686E28 /* XCTest.framework */; };
		632E526B1992BACF00686E28 /* Foundation.framework in Frameworks */ = {isa = PBXBuildFile; fileRef = 632E52471992BACE00686E28 /* Foundation.framework */; };
		632E526C1992BACF00686E28 /* UIKit.framework in Frameworks */ = {isa = PBXBuildFile; fileRef = 632E524B1992BACE00686E28 /* UIKit.framework */; };
		632E52741992BACF00686E28 /* InfoPlist.strings in Resources */ = {isa = PBXBuildFile; fileRef = 632E52721992BACF00686E28 /* InfoPlist.strings */; };
		632E52761992BACF00686E28 /* ToDoAppTests.m in Sources */ = {isa = PBXBuildFile; fileRef = 632E52751992BACF00686E28 /* ToDoAppTests.m */; };
		632E52811992BEFD00686E28 /* TMDToDoItem.m in Sources */ = {isa = PBXBuildFile; fileRef = 632E52801992BEFD00686E28 /* TMDToDoItem.m */; };
		632E52841992C1BA00686E28 /* TMDToDoItemCollection.m in Sources */ = {isa = PBXBuildFile; fileRef = 632E52831992C1BA00686E28 /* TMDToDoItemCollection.m */; };
		632E52881993258E00686E28 /* TMDMasterTableViewCell.m in Sources */ = {isa = PBXBuildFile; fileRef = 632E52861993258E00686E28 /* TMDMasterTableViewCell.m */; };
		632E52891993258E00686E28 /* TMDMasterTableViewCell.xib in Resources */ = {isa = PBXBuildFile; fileRef = 632E52871993258E00686E28 /* TMDMasterTableViewCell.xib */; };
/* End PBXBuildFile section */

/* Begin PBXContainerItemProxy section */
		632E526D1992BACF00686E28 /* PBXContainerItemProxy */ = {
			isa = PBXContainerItemProxy;
			containerPortal = 632E523C1992BACE00686E28 /* Project object */;
			proxyType = 1;
			remoteGlobalIDString = 632E52431992BACE00686E28;
			remoteInfo = ToDoApp;
		};
/* End PBXContainerItemProxy section */

/* Begin PBXFileReference section */
		632E52441992BACE00686E28 /* ToDoApp.app */ = {isa = PBXFileReference; explicitFileType = wrapper.application; includeInIndex = 0; path = ToDoApp.app; sourceTree = BUILT_PRODUCTS_DIR; };
		632E52471992BACE00686E28 /* Foundation.framework */ = {isa = PBXFileReference; lastKnownFileType = wrapper.framework; name = Foundation.framework; path = System/Library/Frameworks/Foundation.framework; sourceTree = SDKROOT; };
		632E52491992BACE00686E28 /* CoreGraphics.framework */ = {isa = PBXFileReference; lastKnownFileType = wrapper.framework; name = CoreGraphics.framework; path = System/Library/Frameworks/CoreGraphics.framework; sourceTree = SDKROOT; };
		632E524B1992BACE00686E28 /* UIKit.framework */ = {isa = PBXFileReference; lastKnownFileType = wrapper.framework; name = UIKit.framework; path = System/Library/Frameworks/UIKit.framework; sourceTree = SDKROOT; };
		632E524F1992BACF00686E28 /* ToDoApp-Info.plist */ = {isa = PBXFileReference; lastKnownFileType = text.plist.xml; path = "ToDoApp-Info.plist"; sourceTree = "<group>"; };
		632E52511992BACF00686E28 /* en */ = {isa = PBXFileReference; lastKnownFileType = text.plist.strings; name = en; path = en.lproj/InfoPlist.strings; sourceTree = "<group>"; };
		632E52531992BACF00686E28 /* main.m */ = {isa = PBXFileReference; lastKnownFileType = sourcecode.c.objc; path = main.m; sourceTree = "<group>"; };
		632E52551992BACF00686E28 /* ToDoApp-Prefix.pch */ = {isa = PBXFileReference; lastKnownFileType = sourcecode.c.h; path = "ToDoApp-Prefix.pch"; sourceTree = "<group>"; };
		632E52561992BACF00686E28 /* TMDAppDelegate.h */ = {isa = PBXFileReference; lastKnownFileType = sourcecode.c.h; path = TMDAppDelegate.h; sourceTree = "<group>"; };
		632E52571992BACF00686E28 /* TMDAppDelegate.m */ = {isa = PBXFileReference; lastKnownFileType = sourcecode.c.objc; path = TMDAppDelegate.m; sourceTree = "<group>"; };
		632E525A1992BACF00686E28 /* Base */ = {isa = PBXFileReference; lastKnownFileType = file.storyboard; name = Base; path = Base.lproj/Main.storyboard; sourceTree = "<group>"; };
		632E525C1992BACF00686E28 /* TMDMasterViewController.h */ = {isa = PBXFileReference; lastKnownFileType = sourcecode.c.h; path = TMDMasterViewController.h; sourceTree = "<group>"; };
		632E525D1992BACF00686E28 /* TMDMasterViewController.m */ = {isa = PBXFileReference; lastKnownFileType = sourcecode.c.objc; path = TMDMasterViewController.m; sourceTree = "<group>"; };
		632E525F1992BACF00686E28 /* TMDDetailViewController.h */ = {isa = PBXFileReference; lastKnownFileType = sourcecode.c.h; path = TMDDetailViewController.h; sourceTree = "<group>"; };
		632E52601992BACF00686E28 /* TMDDetailViewController.m */ = {isa = PBXFileReference; lastKnownFileType = sourcecode.c.objc; path = TMDDetailViewController.m; sourceTree = "<group>"; };
		632E52621992BACF00686E28 /* Images.xcassets */ = {isa = PBXFileReference; lastKnownFileType = folder.assetcatalog; path = Images.xcassets; sourceTree = "<group>"; };
		632E52681992BACF00686E28 /* ToDoAppTests.xctest */ = {isa = PBXFileReference; explicitFileType = wrapper.cfbundle; includeInIndex = 0; path = ToDoAppTests.xctest; sourceTree = BUILT_PRODUCTS_DIR; };
		632E52691992BACF00686E28 /* XCTest.framework */ = {isa = PBXFileReference; lastKnownFileType = wrapper.framework; name = XCTest.framework; path = Library/Frameworks/XCTest.framework; sourceTree = DEVELOPER_DIR; };
		632E52711992BACF00686E28 /* ToDoAppTests-Info.plist */ = {isa = PBXFileReference; lastKnownFileType = text.plist.xml; path = "ToDoAppTests-Info.plist"; sourceTree = "<group>"; };
		632E52731992BACF00686E28 /* en */ = {isa = PBXFileReference; lastKnownFileType = text.plist.strings; name = en; path = en.lproj/InfoPlist.strings; sourceTree = "<group>"; };
		632E52751992BACF00686E28 /* ToDoAppTests.m */ = {isa = PBXFileReference; lastKnownFileType = sourcecode.c.objc; path = ToDoAppTests.m; sourceTree = "<group>"; };
		632E527F1992BEFD00686E28 /* TMDToDoItem.h */ = {isa = PBXFileReference; fileEncoding = 4; lastKnownFileType = sourcecode.c.h; path = TMDToDoItem.h; sourceTree = "<group>"; };
		632E52801992BEFD00686E28 /* TMDToDoItem.m */ = {isa = PBXFileReference; fileEncoding = 4; lastKnownFileType = sourcecode.c.objc; path = TMDToDoItem.m; sourceTree = "<group>"; };
		632E52821992C1BA00686E28 /* TMDToDoItemCollection.h */ = {isa = PBXFileReference; fileEncoding = 4; lastKnownFileType = sourcecode.c.h; path = TMDToDoItemCollection.h; sourceTree = "<group>"; };
		632E52831992C1BA00686E28 /* TMDToDoItemCollection.m */ = {isa = PBXFileReference; fileEncoding = 4; lastKnownFileType = sourcecode.c.objc; path = TMDToDoItemCollection.m; sourceTree = "<group>"; };
		632E52851993258E00686E28 /* TMDMasterTableViewCell.h */ = {isa = PBXFileReference; fileEncoding = 4; lastKnownFileType = sourcecode.c.h; path = TMDMasterTableViewCell.h; sourceTree = "<group>"; };
		632E52861993258E00686E28 /* TMDMasterTableViewCell.m */ = {isa = PBXFileReference; fileEncoding = 4; lastKnownFileType = sourcecode.c.objc; path = TMDMasterTableViewCell.m; sourceTree = "<group>"; };
		632E52871993258E00686E28 /* TMDMasterTableViewCell.xib */ = {isa = PBXFileReference; fileEncoding = 4; lastKnownFileType = file.xib; path = TMDMasterTableViewCell.xib; sourceTree = "<group>"; };
/* End PBXFileReference section */

/* Begin PBXFrameworksBuildPhase section */
		632E52411992BACE00686E28 /* Frameworks */ = {
			isa = PBXFrameworksBuildPhase;
			buildActionMask = 2147483647;
			files = (
				632E524A1992BACE00686E28 /* CoreGraphics.framework in Frameworks */,
				632E524C1992BACE00686E28 /* UIKit.framework in Frameworks */,
				632E52481992BACE00686E28 /* Foundation.framework in Frameworks */,
			);
			runOnlyForDeploymentPostprocessing = 0;
		};
		632E52651992BACF00686E28 /* Frameworks */ = {
			isa = PBXFrameworksBuildPhase;
			buildActionMask = 2147483647;
			files = (
				632E526A1992BACF00686E28 /* XCTest.framework in Frameworks */,
				632E526C1992BACF00686E28 /* UIKit.framework in Frameworks */,
				632E526B1992BACF00686E28 /* Foundation.framework in Frameworks */,
			);
			runOnlyForDeploymentPostprocessing = 0;
		};
/* End PBXFrameworksBuildPhase section */

/* Begin PBXGroup section */
		632E523B1992BACE00686E28 = {
			isa = PBXGroup;
			children = (
				632E524D1992BACE00686E28 /* ToDoApp */,
				632E526F1992BACF00686E28 /* ToDoAppTests */,
				632E52461992BACE00686E28 /* Frameworks */,
				632E52451992BACE00686E28 /* Products */,
			);
			sourceTree = "<group>";
		};
		632E52451992BACE00686E28 /* Products */ = {
			isa = PBXGroup;
			children = (
				632E52441992BACE00686E28 /* ToDoApp.app */,
				632E52681992BACF00686E28 /* ToDoAppTests.xctest */,
			);
			name = Products;
			sourceTree = "<group>";
		};
		632E52461992BACE00686E28 /* Frameworks */ = {
			isa = PBXGroup;
			children = (
				632E52471992BACE00686E28 /* Foundation.framework */,
				632E52491992BACE00686E28 /* CoreGraphics.framework */,
				632E524B1992BACE00686E28 /* UIKit.framework */,
				632E52691992BACF00686E28 /* XCTest.framework */,
			);
			name = Frameworks;
			sourceTree = "<group>";
		};
		632E524D1992BACE00686E28 /* ToDoApp */ = {
			isa = PBXGroup;
			children = (
				632E52561992BACF00686E28 /* TMDAppDelegate.h */,
				632E52571992BACF00686E28 /* TMDAppDelegate.m */,
				632E52591992BACF00686E28 /* Main.storyboard */,
				632E525C1992BACF00686E28 /* TMDMasterViewController.h */,
				632E525D1992BACF00686E28 /* TMDMasterViewController.m */,
				632E52851993258E00686E28 /* TMDMasterTableViewCell.h */,
				632E52861993258E00686E28 /* TMDMasterTableViewCell.m */,
				632E52871993258E00686E28 /* TMDMasterTableViewCell.xib */,
				632E525F1992BACF00686E28 /* TMDDetailViewController.h */,
				632E52601992BACF00686E28 /* TMDDetailViewController.m */,
				632E52821992C1BA00686E28 /* TMDToDoItemCollection.h */,
				632E52831992C1BA00686E28 /* TMDToDoItemCollection.m */,
				632E527F1992BEFD00686E28 /* TMDToDoItem.h */,
				632E52801992BEFD00686E28 /* TMDToDoItem.m */,
				632E52621992BACF00686E28 /* Images.xcassets */,
				632E524E1992BACE00686E28 /* Supporting Files */,
			);
			path = ToDoApp;
			sourceTree = "<group>";
		};
		632E524E1992BACE00686E28 /* Supporting Files */ = {
			isa = PBXGroup;
			children = (
				632E524F1992BACF00686E28 /* ToDoApp-Info.plist */,
				632E52501992BACF00686E28 /* InfoPlist.strings */,
				632E52531992BACF00686E28 /* main.m */,
				632E52551992BACF00686E28 /* ToDoApp-Prefix.pch */,
			);
			name = "Supporting Files";
			sourceTree = "<group>";
		};
		632E526F1992BACF00686E28 /* ToDoAppTests */ = {
			isa = PBXGroup;
			children = (
				632E52751992BACF00686E28 /* ToDoAppTests.m */,
				632E52701992BACF00686E28 /* Supporting Files */,
			);
			path = ToDoAppTests;
			sourceTree = "<group>";
		};
		632E52701992BACF00686E28 /* Supporting Files */ = {
			isa = PBXGroup;
			children = (
				632E52711992BACF00686E28 /* ToDoAppTests-Info.plist */,
				632E52721992BACF00686E28 /* InfoPlist.strings */,
			);
			name = "Supporting Files";
			sourceTree = "<group>";
		};
/* End PBXGroup section */

/* Begin PBXNativeTarget section */
		632E52431992BACE00686E28 /* ToDoApp */ = {
			isa = PBXNativeTarget;
			buildConfigurationList = 632E52791992BACF00686E28 /* Build configuration list for PBXNativeTarget "ToDoApp" */;
			buildPhases = (
				632E52401992BACE00686E28 /* Sources */,
				632E52411992BACE00686E28 /* Frameworks */,
				632E52421992BACE00686E28 /* Resources */,
			);
			buildRules = (
			);
			dependencies = (
			);
			name = ToDoApp;
			productName = ToDoApp;
			productReference = 632E52441992BACE00686E28 /* ToDoApp.app */;
			productType = "com.apple.product-type.application";
		};
		632E52671992BACF00686E28 /* ToDoAppTests */ = {
			isa = PBXNativeTarget;
			buildConfigurationList = 632E527C1992BACF00686E28 /* Build configuration list for PBXNativeTarget "ToDoAppTests" */;
			buildPhases = (
				632E52641992BACF00686E28 /* Sources */,
				632E52651992BACF00686E28 /* Frameworks */,
				632E52661992BACF00686E28 /* Resources */,
			);
			buildRules = (
			);
			dependencies = (
				632E526E1992BACF00686E28 /* PBXTargetDependency */,
			);
			name = ToDoAppTests;
			productName = ToDoAppTests;
			productReference = 632E52681992BACF00686E28 /* ToDoAppTests.xctest */;
			productType = "com.apple.product-type.bundle.unit-test";
		};
/* End PBXNativeTarget section */

/* Begin PBXProject section */
		632E523C1992BACE00686E28 /* Project object */ = {
			isa = PBXProject;
			attributes = {
				CLASSPREFIX = TMD;
				LastUpgradeCheck = 0510;
				ORGANIZATIONNAME = "Tom Daggett";
				TargetAttributes = {
					632E52671992BACF00686E28 = {
						TestTargetID = 632E52431992BACE00686E28;
					};
				};
			};
			buildConfigurationList = 632E523F1992BACE00686E28 /* Build configuration list for PBXProject "ToDoApp" */;
			compatibilityVersion = "Xcode 3.2";
			developmentRegion = English;
			hasScannedForEncodings = 0;
			knownRegions = (
				en,
				Base,
			);
			mainGroup = 632E523B1992BACE00686E28;
			productRefGroup = 632E52451992BACE00686E28 /* Products */;
			projectDirPath = "";
			projectRoot = "";
			targets = (
				632E52431992BACE00686E28 /* ToDoApp */,
				632E52671992BACF00686E28 /* ToDoAppTests */,
			);
		};
/* End PBXProject section */

/* Begin PBXResourcesBuildPhase section */
		632E52421992BACE00686E28 /* Resources */ = {
			isa = PBXResourcesBuildPhase;
			buildActionMask = 2147483647;
			files = (
				632E52631992BACF00686E28 /* Images.xcassets in Resources */,
				632E52521992BACF00686E28 /* InfoPlist.strings in Resources */,
				632E525B1992BACF00686E28 /* Main.storyboard in Resources */,
				632E52891993258E00686E28 /* TMDMasterTableViewCell.xib in Resources */,
			);
			runOnlyForDeploymentPostprocessing = 0;
		};
		632E52661992BACF00686E28 /* Resources */ = {
			isa = PBXResourcesBuildPhase;
			buildActionMask = 2147483647;
			files = (
				632E52741992BACF00686E28 /* InfoPlist.strings in Resources */,
			);
			runOnlyForDeploymentPostprocessing = 0;
		};
/* End PBXResourcesBuildPhase section */

/* Begin PBXSourcesBuildPhase section */
		632E52401992BACE00686E28 /* Sources */ = {
			isa = PBXSourcesBuildPhase;
			buildActionMask = 2147483647;
			files = (
				632E525E1992BACF00686E28 /* TMDMasterViewController.m in Sources */,
				632E52581992BACF00686E28 /* TMDAppDelegate.m in Sources */,
				632E52881993258E00686E28 /* TMDMasterTableViewCell.m in Sources */,
				632E52811992BEFD00686E28 /* TMDToDoItem.m in Sources */,
				632E52541992BACF00686E28 /* main.m in Sources */,
				632E52841992C1BA00686E28 /* TMDToDoItemCollection.m in Sources */,
				632E52611992BACF00686E28 /* TMDDetailViewController.m in Sources */,
			);
			runOnlyForDeploymentPostprocessing = 0;
		};
		632E52641992BACF00686E28 /* Sources */ = {
			isa = PBXSourcesBuildPhase;
			buildActionMask = 2147483647;
			files = (
				632E52761992BACF00686E28 /* ToDoAppTests.m in Sources */,
			);
			runOnlyForDeploymentPostprocessing = 0;
		};
/* End PBXSourcesBuildPhase section */

/* Begin PBXTargetDependency section */
		632E526E1992BACF00686E28 /* PBXTargetDependency */ = {
			isa = PBXTargetDependency;
			target = 632E52431992BACE00686E28 /* ToDoApp */;
			targetProxy = 632E526D1992BACF00686E28 /* PBXContainerItemProxy */;
		};
/* End PBXTargetDependency section */

/* Begin PBXVariantGroup section */
		632E52501992BACF00686E28 /* InfoPlist.strings */ = {
			isa = PBXVariantGroup;
			children = (
				632E52511992BACF00686E28 /* en */,
			);
			name = InfoPlist.strings;
			sourceTree = "<group>";
		};
		632E52591992BACF00686E28 /* Main.storyboard */ = {
			isa = PBXVariantGroup;
			children = (
				632E525A1992BACF00686E28 /* Base */,
			);
			name = Main.storyboard;
			sourceTree = "<group>";
		};
		632E52721992BACF00686E28 /* InfoPlist.strings */ = {
			isa = PBXVariantGroup;
			children = (
				632E52731992BACF00686E28 /* en */,
			);
			name = InfoPlist.strings;
			sourceTree = "<group>";
		};
/* End PBXVariantGroup section */

/* Begin XCBuildConfiguration section */
		632E52771992BACF00686E28 /* Debug */ = {
			isa = XCBuildConfiguration;
			buildSettings = {
				ALWAYS_SEARCH_USER_PATHS = NO;
				CLANG_CXX_LANGUAGE_STANDARD = "gnu++0x";
				CLANG_CXX_LIBRARY = "libc++";
				CLANG_ENABLE_MODULES = YES;
				CLANG_ENABLE_OBJC_ARC = YES;
				CLANG_WARN_BOOL_CONVERSION = YES;
				CLANG_WARN_CONSTANT_CONVERSION = YES;
				CLANG_WARN_DIRECT_OBJC_ISA_USAGE = YES_ERROR;
				CLANG_WARN_EMPTY_BODY = YES;
				CLANG_WARN_ENUM_CONVERSION = YES;
				CLANG_WARN_INT_CONVERSION = YES;
				CLANG_WARN_OBJC_ROOT_CLASS = YES_ERROR;
				CLANG_WARN__DUPLICATE_METHOD_MATCH = YES;
				"CODE_SIGN_IDENTITY[sdk=iphoneos*]" = "iPhone Developer";
				COPY_PHASE_STRIP = NO;
				GCC_C_LANGUAGE_STANDARD = gnu99;
				GCC_DYNAMIC_NO_PIC = NO;
				GCC_OPTIMIZATION_LEVEL = 0;
				GCC_PREPROCESSOR_DEFINITIONS = (
					"DEBUG=1",
					"$(inherited)",
				);
				GCC_SYMBOLS_PRIVATE_EXTERN = NO;
				GCC_WARN_64_TO_32_BIT_CONVERSION = YES;
				GCC_WARN_ABOUT_RETURN_TYPE = YES_ERROR;
				GCC_WARN_UNDECLARED_SELECTOR = YES;
				GCC_WARN_UNINITIALIZED_AUTOS = YES_AGGRESSIVE;
				GCC_WARN_UNUSED_FUNCTION = YES;
				GCC_WARN_UNUSED_VARIABLE = YES;
				IPHONEOS_DEPLOYMENT_TARGET = 7.1;
				ONLY_ACTIVE_ARCH = YES;
				SDKROOT = iphoneos;
			};
			name = Debug;
		};
		632E52781992BACF00686E28 /* Release */ = {
			isa = XCBuildConfiguration;
			buildSettings = {
				ALWAYS_SEARCH_USER_PATHS = NO;
				CLANG_CXX_LANGUAGE_STANDARD = "gnu++0x";
				CLANG_CXX_LIBRARY = "libc++";
				CLANG_ENABLE_MODULES = YES;
				CLANG_ENABLE_OBJC_ARC = YES;
				CLANG_WARN_BOOL_CONVERSION = YES;
				CLANG_WARN_CONSTANT_CONVERSION = YES;
				CLANG_WARN_DIRECT_OBJC_ISA_USAGE = YES_ERROR;
				CLANG_WARN_EMPTY_BODY = YES;
				CLANG_WARN_ENUM_CONVERSION = YES;
				CLANG_WARN_INT_CONVERSION = YES;
				CLANG_WARN_OBJC_ROOT_CLASS = YES_ERROR;
				CLANG_WARN__DUPLICATE_METHOD_MATCH = YES;
				"CODE_SIGN_IDENTITY[sdk=iphoneos*]" = "iPhone Developer";
				COPY_PHASE_STRIP = YES;
				ENABLE_NS_ASSERTIONS = NO;
				GCC_C_LANGUAGE_STANDARD = gnu99;
				GCC_WARN_64_TO_32_BIT_CONVERSION = YES;
				GCC_WARN_ABOUT_RETURN_TYPE = YES_ERROR;
				GCC_WARN_UNDECLARED_SELECTOR = YES;
				GCC_WARN_UNINITIALIZED_AUTOS = YES_AGGRESSIVE;
				GCC_WARN_UNUSED_FUNCTION = YES;
				GCC_WARN_UNUSED_VARIABLE = YES;
				IPHONEOS_DEPLOYMENT_TARGET = 7.1;
				SDKROOT = iphoneos;
				VALIDATE_PRODUCT = YES;
			};
			name = Release;
		};
		632E527A1992BACF00686E28 /* Debug */ = {
			isa = XCBuildConfiguration;
			buildSettings = {
				ASSETCATALOG_COMPILER_APPICON_NAME = AppIcon;
				ASSETCATALOG_COMPILER_LAUNCHIMAGE_NAME = LaunchImage;
				GCC_PRECOMPILE_PREFIX_HEADER = YES;
				GCC_PREFIX_HEADER = "ToDoApp/ToDoApp-Prefix.pch";
				INFOPLIST_FILE = "ToDoApp/ToDoApp-Info.plist";
				PRODUCT_NAME = "$(TARGET_NAME)";
				WRAPPER_EXTENSION = app;
			};
			name = Debug;
		};
		632E527B1992BACF00686E28 /* Release */ = {
			isa = XCBuildConfiguration;
			buildSettings = {
				ASSETCATALOG_COMPILER_APPICON_NAME = AppIcon;
				ASSETCATALOG_COMPILER_LAUNCHIMAGE_NAME = LaunchImage;
				GCC_PRECOMPILE_PREFIX_HEADER = YES;
				GCC_PREFIX_HEADER = "ToDoApp/ToDoApp-Prefix.pch";
				INFOPLIST_FILE = "ToDoApp/ToDoApp-Info.plist";
				PRODUCT_NAME = "$(TARGET_NAME)";
				WRAPPER_EXTENSION = app;
			};
			name = Release;
		};
		632E527D1992BACF00686E28 /* Debug */ = {
			isa = XCBuildConfiguration;
			buildSettings = {
				BUNDLE_LOADER = "$(BUILT_PRODUCTS_DIR)/ToDoApp.app/ToDoApp";
				FRAMEWORK_SEARCH_PATHS = (
					"$(SDKROOT)/Developer/Library/Frameworks",
					"$(inherited)",
					"$(DEVELOPER_FRAMEWORKS_DIR)",
				);
				GCC_PRECOMPILE_PREFIX_HEADER = YES;
				GCC_PREFIX_HEADER = "ToDoApp/ToDoApp-Prefix.pch";
				GCC_PREPROCESSOR_DEFINITIONS = (
					"DEBUG=1",
					"$(inherited)",
				);
				INFOPLIST_FILE = "ToDoAppTests/ToDoAppTests-Info.plist";
				PRODUCT_NAME = "$(TARGET_NAME)";
				TEST_HOST = "$(BUNDLE_LOADER)";
				WRAPPER_EXTENSION = xctest;
			};
			name = Debug;
		};
		632E527E1992BACF00686E28 /* Release */ = {
			isa = XCBuildConfiguration;
			buildSettings = {
				BUNDLE_LOADER = "$(BUILT_PRODUCTS_DIR)/ToDoApp.app/ToDoApp";
				FRAMEWORK_SEARCH_PATHS = (
					"$(SDKROOT)/Developer/Library/Frameworks",
					"$(inherited)",
					"$(DEVELOPER_FRAMEWORKS_DIR)",
				);
				GCC_PRECOMPILE_PREFIX_HEADER = YES;
				GCC_PREFIX_HEADER = "ToDoApp/ToDoApp-Prefix.pch";
				INFOPLIST_FILE = "ToDoAppTests/ToDoAppTests-Info.plist";
				PRODUCT_NAME = "$(TARGET_NAME)";
				TEST_HOST = "$(BUNDLE_LOADER)";
				WRAPPER_EXTENSION = xctest;
			};
			name = Release;
		};
/* End XCBuildConfiguration section */

/* Begin XCConfigurationList section */
		632E523F1992BACE00686E28 /* Build configuration list for PBXProject "ToDoApp" */ = {
			isa = XCConfigurationList;
			buildConfigurations = (
				632E52771992BACF00686E28 /* Debug */,
				632E52781992BACF00686E28 /* Release */,
			);
			defaultConfigurationIsVisible = 0;
			defaultConfigurationName = Release;
		};
		632E52791992BACF00686E28 /* Build configuration list for PBXNativeTarget "ToDoApp" */ = {
			isa = XCConfigurationList;
			buildConfigurations = (
				632E527A1992BACF00686E28 /* Debug */,
				632E527B1992BACF00686E28 /* Release */,
			);
			defaultConfigurationIsVisible = 0;
		};
		632E527C1992BACF00686E28 /* Build configuration list for PBXNativeTarget "ToDoAppTests" */ = {
			isa = XCConfigurationList;
			buildConfigurations = (
				632E527D1992BACF00686E28 /* Debug */,
				632E527E1992BACF00686E28 /* Release */,
			);
			defaultConfigurationIsVisible = 0;
		};
/* End XCConfigurationList section */
	};
	rootObject = 632E523C1992BACE00686E28 /* Project object */;
}
